
Microsoft Visual Studio Solution File, Format Version 12.00
# Visual Studio 15
VisualStudioVersion = 15.0.26730.3
MinimumVisualStudioVersion = 10.0.40219.1
Project("{9A19103F-16F7-4668-BE54-9A1E7A4F7556}") = "FluentDataflow", "FluentDataflow\FluentDataflow.csproj", "{D339EF89-BFCF-47F1-B618-A8FCD382649B}"
EndProject
Project("{FAE04EC0-301F-11D3-BF4B-00C04F79EFBC}") = "FluentDataflow.Tests.Console", "FluentDataflow.Tests.Console\FluentDataflow.Tests.Console.csproj", "{1B97E995-3FCF-4356-BCEA-91F254D6FA66}"
EndProject
Project("{FAE04EC0-301F-11D3-BF4B-00C04F79EFBC}") = "FluentDataflow.Tests.UnitTests", "FluentDataflow.Tests.UnitTests\FluentDataflow.Tests.UnitTests.csproj", "{2247882D-45A4-4ADE-84AF-414C46DC394D}"
EndProject
Project("{2150E333-8FDC-42A3-9474-1A3956D46DE8}") = "Solution Items", "Solution Items", "{BFCDCA69-55BB-4224-9E90-9674E4439544}"
	ProjectSection(SolutionItems) = preProject
		README.md = README.md
	EndProjectSection
EndProject
Project("{FAE04EC0-301F-11D3-BF4B-00C04F79EFBC}") = "FluentDataflowPortable", "FluentDataflowPortable\FluentDataflowPortable.csproj", "{67F9D3A8-F71E-4428-913F-C37AE82CDB24}"
EndProject
Global
	GlobalSection(SolutionConfigurationPlatforms) = preSolution
		Debug|Any CPU = Debug|Any CPU
		Release|Any CPU = Release|Any CPU
	EndGlobalSection
	GlobalSection(ProjectConfigurationPlatforms) = postSolution
		{D339EF89-BFCF-47F1-B618-A8FCD382649B}.Debug|Any CPU.ActiveCfg = Debug|Any CPU
		{D339EF89-BFCF-47F1-B618-A8FCD382649B}.Debug|Any CPU.Build.0 = Debug|Any CPU
		{D339EF89-BFCF-47F1-B618-A8FCD382649B}.Release|Any CPU.ActiveCfg = Release|Any CPU
		{D339EF89-BFCF-47F1-B618-A8FCD382649B}.Release|Any CPU.Build.0 = Release|Any CPU
		{1B97E995-3FCF-4356-BCEA-91F254D6FA66}.Debug|Any CPU.ActiveCfg = Debug|Any CPU
		{1B97E995-3FCF-4356-BCEA-91F254D6FA66}.Debug|Any CPU.Build.0 = Debug|Any CPU
		{1B97E995-3FCF-4356-BCEA-91F254D6FA66}.Release|Any CPU.ActiveCfg = Release|Any CPU
		{1B97E995-3FCF-4356-BCEA-91F254D6FA66}.Release|Any CPU.Build.0 = Release|Any CPU
		{2247882D-45A4-4ADE-84AF-414C46DC394D}.Debug|Any CPU.ActiveCfg = Debug|Any CPU
		{2247882D-45A4-4ADE-84AF-414C46DC394D}.Debug|Any CPU.Build.0 = Debug|Any CPU
		{2247882D-45A4-4ADE-84AF-414C46DC394D}.Release|Any CPU.ActiveCfg = Release|Any CPU
		{2247882D-45A4-4ADE-84AF-414C46DC394D}.Release|Any CPU.Build.0 = Release|Any CPU
		{67F9D3A8-F71E-4428-913F-C37AE82CDB24}.Debug|Any CPU.ActiveCfg = Debug|Any CPU
		{67F9D3A8-F71E-4428-913F-C37AE82CDB24}.Debug|Any CPU.Build.0 = Debug|Any CPU
		{67F9D3A8-F71E-4428-913F-C37AE82CDB24}.Release|Any CPU.ActiveCfg = Release|Any CPU
		{67F9D3A8-F71E-4428-913F-C37AE82CDB24}.Release|Any CPU.Build.0 = Release|Any CPU
	EndGlobalSection
	GlobalSection(SolutionProperties) = preSolution
		HideSolutionNode = FALSE
	EndGlobalSection
	GlobalSection(ExtensibilityGlobals) = postSolution
		SolutionGuid = {112A5B40-8933-4453-A2C9-9BE90A0BB048}
	EndGlobalSection
EndGlobal
